{
  "name": "pokiemathmodels",
  "version": "1.0.0",
  "lockfileVersion": 2,
  "requires": true,
  "packages": {
    "": {
      "name": "pokiemathmodels",
      "version": "1.0.0",
      "license": "ISC",
      "dependencies": {
        "pokie": "^1.1.3"
      }
    },
    "node_modules/pokie": {
      "version": "1.1.3",
      "resolved": "https://registry.npmjs.org/pokie/-/pokie-1.1.3.tgz",
      "integrity": "sha512-FSo5UMgtiV7DwG0m5h8f2V7MBGCIlfzPT4GtFsfVXDj4VETWDLt661O8ffI2QImVcJalztkRbVlV38gucekW1A=="
    }
  },
  "dependencies": {
    "pokie": {
      "version": "1.1.3",
      "resolved": "https://registry.npmjs.org/pokie/-/pokie-1.1.3.tgz",
      "integrity": "sha512-FSo5UMgtiV7DwG0m5h8f2V7MBGCIlfzPT4GtFsfVXDj4VETWDLt661O8ffI2QImVcJalztkRbVlV38gucekW1A=="
    }
  }
}
